{
  "originHash" : "2c796305e82933f1dacea3114f5ada6ba61ff170d92eee21078dbd4c47d9d852",
  "pins" : [
    {
      "identity" : "knowgrph",
      "kind" : "remoteSourceControl",
      "location" : "https://github.com/huijoohwee/knowgrph.git",
      "state" : {
        "revision" : "19f9da8bc537b782e23ae7669c4a919d94171529"
      }
    }
  ],
  "version" : 3
}
