{
  "originHash" : "18bad0a30176a347feb54044d2d0178f34409ae2e3af3b0cad2a53a0499a5336",
  "pins" : [
    {
      "identity" : "knowgrph",
      "kind" : "remoteSourceControl",
      "location" : "https://github.com/huijoohwee/knowgrph.git",
      "state" : {
        "revision" : "1288749a170e1e5790fccd4130e8f76562370745"
      }
    }
  ],
  "version" : 3
}
